PODS:
  - Capacitor (7.4.4):
    - CapacitorCordova
  - CapacitorApp (7.1.0):
    - Capacitor
  - CapacitorBrowser (7.0.5):
    - Capacitor
  - CapacitorCamera (7.0.5):
    - Capacitor
  - CapacitorCommunitySqlite (7.0.2):
    - Capacitor
    - SQLCipher
    - ZIPFoundation
  - CapacitorCordova (7.4.4)
  - CapacitorFilesystem (7.1.8):
    - Capacitor
    - IONFilesystemLib (~> 1.1.1)
  - CapacitorGeolocation (7.1.5):
    - Capacitor
    - IONGeolocationLib (= 1.0.1)
  - CapacitorLocalNotifications (7.0.3):
    - Capacitor
  - CapacitorNetwork (7.0.2):
    - Capacitor
  - CapacitorPreferences (7.0.2):
    - Capacitor
  - CapacitorShare (7.0.4):
    - Capacitor
  - IONFilesystemLib (1.1.2)
  - IONGeolocationLib (1.0.1)
  - SQLCipher (4.10.0):
    - SQLCipher/standard (= 4.10.0)
  - SQLCipher/common (4.10.0)
  - SQLCipher/standard (4.10.0):
    - SQLCipher/common
  - ZIPFoundation (0.9.20)

DEPENDENCIES:
  - "Capacitor (from `../../../node_modules/@capacitor/ios`)"
  - "CapacitorApp (from `../../../node_modules/@capacitor/app`)"
  - "CapacitorBrowser (from `../../../node_modules/@capacitor/browser`)"
  - "CapacitorCamera (from `../../../node_modules/@capacitor/camera`)"
  - "CapacitorCommunitySqlite (from `../../../node_modules/@capacitor-community/sqlite`)"
  - "CapacitorCordova (from `../../../node_modules/@capacitor/ios`)"
  - "CapacitorFilesystem (from `../../../node_modules/@capacitor/filesystem`)"
  - "CapacitorGeolocation (from `../../../node_modules/@capacitor/geolocation`)"
  - "CapacitorLocalNotifications (from `../../../node_modules/@capacitor/local-notifications`)"
  - "CapacitorNetwork (from `../../../node_modules/@capacitor/network`)"
  - "CapacitorPreferences (from `../../../node_modules/@capacitor/preferences`)"
  - "CapacitorShare (from `../../../node_modules/@capacitor/share`)"

SPEC REPOS:
  trunk:
    - IONFilesystemLib
    - IONGeolocationLib
    - SQLCipher
    - ZIPFoundation

EXTERNAL SOURCES:
  Capacitor:
    :path: "../../../node_modules/@capacitor/ios"
  CapacitorApp:
    :path: "../../../node_modules/@capacitor/app"
  CapacitorBrowser:
    :path: "../../../node_modules/@capacitor/browser"
  CapacitorCamera:
    :path: "../../../node_modules/@capacitor/camera"
  CapacitorCommunitySqlite:
    :path: "../../../node_modules/@capacitor-community/sqlite"
  CapacitorCordova:
    :path: "../../../node_modules/@capacitor/ios"
  CapacitorFilesystem:
    :path: "../../../node_modules/@capacitor/filesystem"
  CapacitorGeolocation:
    :path: "../../../node_modules/@capacitor/geolocation"
  CapacitorLocalNotifications:
    :path: "../../../node_modules/@capacitor/local-notifications"
  CapacitorNetwork:
    :path: "../../../node_modules/@capacitor/network"
  CapacitorPreferences:
    :path: "../../../node_modules/@capacitor/preferences"
  CapacitorShare:
    :path: "../../../node_modules/@capacitor/share"

SPEC CHECKSUMS:
  Capacitor: 358dd1c3fdd71d969547b17e159fd8a7736cb45f
  CapacitorApp: 26587c2ce485d88ddb39adb21cac64f8e481afe3
  CapacitorBrowser: 6d09f59655e89aede71654ef08b98de55cf032b6
  CapacitorCamera: 9e952270be355797f769aa835bb7643a96c871fe
  CapacitorCommunitySqlite: a57c58e1c37f4bc250ef01e66b0055cb6ddd775e
  CapacitorCordova: bf648a636f3c153f652d312ae145fb508b6ffced
  CapacitorFilesystem: c63fc54df41e5a6761785a7f3c49dc696c22e296
  CapacitorGeolocation: 84f868bea4c2499aebc3bb3a88fd0a508f87ab87
  CapacitorLocalNotifications: 0811aef56ab2e5f7f9ae72f47d3473ab50c29038
  CapacitorNetwork: 695069886b3c5ed514db69aa3d026b8dc3c03a6b
  CapacitorPreferences: 65107ed7437d96ee72583df5763985e3c0ff2bc2
  CapacitorShare: 25f7fc5dd0e4edbde5d6801c6de5d14a8b450a41
  IONFilesystemLib: 21a63377696b2d8fab5632ecfb7d2ac67bddb68a
  IONGeolocationLib: 20f9d0248a0b5264511fb57a37e25dd2badf797a
  SQLCipher: eb79c64049cb002b4e9fcb30edb7979bf4706dfc
  ZIPFoundation: dfd3d681c4053ff7e2f7350bc4e53b5dba3f5351

PODFILE CHECKSUM: de39ef7181026d17c46b31a4d0344aefb4d9c3e2

COCOAPODS: 1.16.2
